<?xml version="1.0" encoding="utf-8"?>
<Project ToolsVersion="18.0" xmlns="http://schemas.microsoft.com/developer/msbuild/2003">
  <ItemGroup>
    <ClCompile Include="D:\Cpp\project\pcg-cpp\test-high\check-pcg64_c32_oneseq.cpp">
      <Filter>Source Files</Filter>
    </ClCompile>
  </ItemGroup>
  <ItemGroup>
    <CustomBuild Include="D:\Cpp\project\pcg-cpp\test-high\CMakeLists.txt" />
  </ItemGroup>
  <ItemGroup>
    <Filter Include="Source Files">
      <UniqueIdentifier>{D46B7367-A88B-38A1-A3D3-CDA7EE077587}</UniqueIdentifier>
    </Filter>
  </ItemGroup>
</Project>
