<?xml version="1.0" encoding="utf-8"?>
<Project ToolsVersion="18.0" xmlns="http://schemas.microsoft.com/developer/msbuild/2003">
  <ItemGroup>
    <CustomBuild Include="D:\Cpp\project\pcg-cpp\build-test\CMakeFiles\e9f87501c353529ee8ca9682c4b8cebf\INSTALL_force.rule">
      <Filter>CMake Rules</Filter>
    </CustomBuild>
  </ItemGroup>
  <ItemGroup>
    <Filter Include="CMake Rules">
      <UniqueIdentifier>{2C28936F-118B-34B6-AA4C-5AAF17D39009}</UniqueIdentifier>
    </Filter>
  </ItemGroup>
</Project>
